{
  "name": "kyc",
  "version": "1.0.0",
  "lockfileVersion": 3,
  "requires": true,
  "packages": {
    "": {
      "name": "kyc",
      "version": "1.0.0",
      "license": "ISC",
      "dependencies": {
        "kinto-web-sdk": "^1.0.2"
      }
    },
    "node_modules/kinto-web-sdk": {
      "version": "1.0.2",
      "resolved": "https://registry.npmjs.org/kinto-web-sdk/-/kinto-web-sdk-1.0.2.tgz",
      "integrity": "sha512-IiPmfdBFY552lebOChpL7cVWq0yFBSt8Cb6gWnW1Lo63CuAjVn404XWql897N+8HWxB7m2psbZH0+APtU0B8yw==",
      "license": "MIT",
      "dependencies": {
        "typescript": "^5.5.4"
      }
    },
    "node_modules/typescript": {
      "version": "5.6.3",
      "resolved": "https://registry.npmjs.org/typescript/-/typescript-5.6.3.tgz",
      "integrity": "sha512-hjcS1mhfuyi4WW8IWtjP7brDrG2cuDZukyrYrSauoXGNgx0S7zceP07adYkJycEr56BOUTNPzbInooiN3fn1qw==",
      "license": "Apache-2.0",
      "bin": {
        "tsc": "bin/tsc",
        "tsserver": "bin/tsserver"
      },
      "engines": {
        "node": ">=14.17"
      }
    }
  }
}
